# THIS IS AN AUTOGENERATED FILE. DO NOT EDIT THIS FILE DIRECTLY.
# yarn lockfile v1


"@codemirror/state@^6.0.0":
  version "6.1.2"
  resolved "https://registry.npmjs.org/@codemirror/state/-/state-6.1.2.tgz"
  integrity sha512-Mxff85Hp5va+zuj+H748KbubXjrinX/k28lj43H14T2D0+4kuvEFIEIO7hCEcvBT8ubZyIelt9yGOjj2MWOEQA==

"@codemirror/view@^6.0.0":
  version "6.4.1"
  resolved "https://registry.npmjs.org/@codemirror/view/-/view-6.4.1.tgz"
  integrity sha512-QdBpD6E5HYx6YFXXhqwrRyQ83w7CxWZnchM4QpWBVkkmV7/oJT8N+yz2KAi2iRaLObc/aOf7C2RCQTO2yswF8A==
  dependencies:
    "@codemirror/state" "^6.0.0"
    style-mod "^4.0.0"
    w3c-keyname "^2.2.4"

"@rollup/plugin-commonjs@15.1.0":
  version "15.1.0"
  resolved "https://registry.npmjs.org/@rollup/plugin-commonjs/-/plugin-commonjs-15.1.0.tgz"
  integrity sha512-xCQqz4z/o0h2syQ7d9LskIMvBSH4PX5PjYdpSSvgS+pQik3WahkQVNWg3D8XJeYjZoVWnIUQYDghuEMRGrmQYQ==
  dependencies:
    "@rollup/pluginutils" "^3.1.0"
    commondir "^1.0.1"
    estree-walker "^2.0.1"
    glob "^7.1.6"
    is-reference "^1.2.1"
    magic-string "^0.25.7"
    resolve "^1.17.0"

"@rollup/plugin-node-resolve@9.0.0":
  version "9.0.0"
  resolved "https://registry.npmjs.org/@rollup/plugin-node-resolve/-/plugin-node-resolve-9.0.0.tgz"
  integrity sha512-gPz+utFHLRrd41WMP13Jq5mqqzHL3OXrfj3/MkSyB6UBIcuNt9j60GCbarzMzdf1VHFpOxfQh/ez7wyadLMqkg==
  dependencies:
    "@rollup/pluginutils" "^3.1.0"
    "@types/resolve" "1.17.1"
    builtin-modules "^3.1.0"
    deepmerge "^4.2.2"
    is-module "^1.0.0"
    resolve "^1.17.0"

"@rollup/plugin-typescript@9.0.2":
  version "9.0.2"
  resolved "https://registry.npmjs.org/@rollup/plugin-typescript/-/plugin-typescript-9.0.2.tgz"
  integrity sha512-/sS93vmHUMjzDUsl5scNQr1mUlNE1QjBBvOhmRwJCH8k2RRhDIm3c977B3wdu3t3Ap17W6dDeXP3hj1P1Un1bA==
  dependencies:
    "@rollup/pluginutils" "^5.0.1"
    resolve "^1.22.1"

"@rollup/pluginutils@^3.1.0":
  version "3.1.0"
  resolved "https://registry.npmjs.org/@rollup/pluginutils/-/pluginutils-3.1.0.tgz"
  integrity sha512-GksZ6pr6TpIjHm8h9lSQ8pi8BE9VeubNT0OMJ3B5uZJ8pz73NPiqOtCog/x2/QzM1ENChPKxMDhiQuRHsqc+lg==
  dependencies:
    "@types/estree" "0.0.39"
    estree-walker "^1.0.1"
    picomatch "^2.2.2"

"@rollup/pluginutils@^5.0.1":
  version "5.0.2"
  resolved "https://registry.npmjs.org/@rollup/pluginutils/-/pluginutils-5.0.2.tgz"
  integrity sha512-pTd9rIsP92h+B6wWwFbW8RkZv4hiR/xKsqre4SIuAOaOEQRxi0lqLke9k2/7WegC85GgUs9pjmOjCUi3In4vwA==
  dependencies:
    "@types/estree" "^1.0.0"
    estree-walker "^2.0.2"
    picomatch "^2.3.1"

"@types/codemirror@0.0.108":
  version "0.0.108"
  resolved "https://registry.npmjs.org/@types/codemirror/-/codemirror-0.0.108.tgz"
  integrity sha512-3FGFcus0P7C2UOGCNUVENqObEb4SFk+S8Dnxq7K6aIsLVs/vDtlangl3PEO0ykaKXyK56swVF6Nho7VsA44uhw==
  dependencies:
    "@types/tern" "*"

"@types/estree@*", "@types/estree@0.0.39":
  version "0.0.39"
  resolved "https://registry.npmjs.org/@types/estree/-/estree-0.0.39.tgz"
  integrity sha512-EYNwp3bU+98cpU4lAWYYL7Zz+2gryWH1qbdDTidVd6hkiR6weksdbMadyXKXNPEkQFhXM+hVO9ZygomHXp+AIw==

"@types/estree@^1.0.0":
  version "1.0.0"
  resolved "https://registry.npmjs.org/@types/estree/-/estree-1.0.0.tgz"
  integrity sha512-WulqXMDUTYAXCjZnk6JtIHPigp55cVtDgDrO2gHRwhyJto21+1zbVCtOYB2L1F9w4qCQ0rOGWBnBe0FNTiEJIQ==

"@types/node@*", "@types/node@18.11.9":
  version "18.11.9"
  resolved "https://registry.npmjs.org/@types/node/-/node-18.11.9.tgz"
  integrity sha512-CRpX21/kGdzjOpFsZSkcrXMGIBWMGNIHXXBVFSH+ggkftxg+XYP20TESbh+zFvFj3EQOl5byk0HTRn1IL6hbqg==

"@types/resolve@1.17.1":
  version "1.17.1"
  resolved "https://registry.npmjs.org/@types/resolve/-/resolve-1.17.1.tgz"
  integrity sha512-yy7HuzQhj0dhGpD8RLXSZWEkLsV9ibvxvi6EiJ3bkqLAO1RGo0WbkWQiwpRlSFymTJRz0d3k5LM3kkx8ArDbLw==
  dependencies:
    "@types/node" "*"

"@types/tern@*":
  version "0.23.4"
  resolved "https://registry.npmjs.org/@types/tern/-/tern-0.23.4.tgz"
  integrity sha512-JAUw1iXGO1qaWwEOzxTKJZ/5JxVeON9kvGZ/osgZaJImBnyjyn0cjovPsf6FNLmyGY8Vw9DoXZCMlfMkMwHRWg==
  dependencies:
    "@types/estree" "*"

abcjs@6.2.2:
  version "6.2.2"
  resolved "https://registry.npmjs.org/abcjs/-/abcjs-6.2.2.tgz"
  integrity sha512-M5pvTb+0yABqScZBEN/bZmrMgX+iTtgD8vxAVTaKNNVt+ivyCzx0SLNYlTXYErlXu7QvPIoIiSPRojne6M24PA==

balanced-match@^1.0.0:
  version "1.0.2"
  resolved "https://registry.npmjs.org/balanced-match/-/balanced-match-1.0.2.tgz"
  integrity sha512-3oSeUO0TMV67hN1AmbXsK4yaqU7tjiHlbxRDZOpH0KW9+CeX4bRAaX0Anxt0tx2MrpRpWwQaPwIlISEJhYU5Pw==

brace-expansion@^1.1.7:
  version "1.1.11"
  resolved "https://registry.npmjs.org/brace-expansion/-/brace-expansion-1.1.11.tgz"
  integrity sha512-iCuPHDFgrHX7H2vEI/5xpz07zSHB00TpugqhmYtVmMO6518mCuRMoOYFldEBl0g187ufozdaHgWKcYFb61qGiA==
  dependencies:
    balanced-match "^1.0.0"
    concat-map "0.0.1"

builtin-modules@^3.1.0:
  version "3.2.0"
  resolved "https://registry.npmjs.org/builtin-modules/-/builtin-modules-3.2.0.tgz"
  integrity sha512-lGzLKcioL90C7wMczpkY0n/oART3MbBa8R9OFGE1rJxoVI86u4WAGfEk8Wjv10eKSyTHVGkSo3bvBylCEtk7LA==

commondir@^1.0.1:
  version "1.0.1"
  resolved "https://registry.npmjs.org/commondir/-/commondir-1.0.1.tgz"

concat-map@0.0.1:
  version "0.0.1"

deepmerge@^4.2.2:
  version "4.3.1"

estree-walker@^1.0.1:
  version "1.0.1"

estree-walker@^2.0.1, estree-walker@^2.0.2:
  version "2.0.2"

fs.realpath@^1.0.0:
  version "1.0.0"

function-bind@^1.1.1:
  version "1.1.1"

glob@^7.1.6:
  version "7.2.3"
  dependencies:
    fs.realpath "^1.0.0"
    inflight "^1.0.4"
    inherits "2"
    minimatch "^3.1.1"
    once "^1.3.0"
    path-is-absolute "^1.0.0"

has@^1.0.3:
  version "1.0.3"
  dependencies:
    function-bind "^1.1.1"

inflight@^1.0.4:
  version "1.0.6"
  dependencies:
    once "^1.3.0"
    wrappy "1"

inherits@2:
  version "2.0.4"

is-core-module@^2.12.0:
  version "2.12.0"
  dependencies:
    has "^1.0.3"

is-module@^1.0.0:
  version "1.0.0"

is-reference@^1.2.1:
  version "1.2.1"
  dependencies:
    "@types/estree" "*"

magic-string@^0.25.7:
  version "0.25.9"
  dependencies:
    sourcemap-codec "^1.4.8"

minimatch@^3.1.1:
  version "3.1.2"
  dependencies:
    brace-expansion "^1.1.7"

moment@2.29.4:
  version "2.29.4"

"obsidian@https://github.com/obsidianmd/obsidian-api/tarball/master":
  version "1.2.8"
  resolved "https://github.com/obsidianmd/obsidian-api/tarball/master"
  integrity sha512-G/r4nDCl9YwUcp+UEHwAC1voaosbmw6OwZiZlSqkMth8V52EgLPEyop66oLbOOywHQuUrWtda2xGdgvTQ8sVxw==
  dependencies:
    "@types/codemirror" "0.0.108"
    moment "2.29.4"

once@^1.3.0:
  version "1.4.0"
  dependencies:
    wrappy "1"

path-is-absolute@^1.0.0:
  version "1.0.1"

path-parse@^1.0.7:
  version "1.0.7"

picomatch@^2.2.2, picomatch@^2.3.1:
  version "2.3.1"

resolve@^1.17.0, resolve@^1.22.1:
  version "1.22.3"
  dependencies:
    is-core-module "^2.12.0"
    path-parse "^1.0.7"
    supports-preserve-symlinks-flag "^1.0.0"

rollup@^1.20.0||^2.0.0, rollup@^1.20.0||^2.0.0||^3.0.0, rollup@^2.14.0||^3.0.0, rollup@^2.22.0, rollup@2.79.1:
  version "2.79.1"
  optionalDependencies:
    fsevents "~2.3.2"

sourcemap-codec@^1.4.8:
  version "1.4.8"

style-mod@^4.0.0:
  version "4.0.2"

supports-preserve-symlinks-flag@^1.0.0:
  version "1.0.0"

tslib@*, tslib@2.4.1:
  version "2.4.1"

typescript@>=3.7.0, typescript@4.8.4:
  version "4.8.4"

w3c-keyname@^2.2.4:
  version "2.2.6"

wrappy@1:
  version "1.0.2"
